
Microsoft Visual Studio Solution File, Format Version 12.00
# Visual Studio 14
VisualStudioVersion = 14.0.24720.0
MinimumVisualStudioVersion = 10.0.40219.1
Project("{FAE04EC0-301F-11D3-BF4B-00C04F79EFBC}") = "Words.Model", "Words.Model\Words.Model.csproj", "{246FE89B-D7FA-4DD3-AB37-9E338B8E49DA}"
EndProject
Project("{FAE04EC0-301F-11D3-BF4B-00C04F79EFBC}") = "Words.ConsoleAppl", "Words.ConsoleAppl\Words.ConsoleAppl.csproj", "{27646B17-C4F7-4A86-ADD0-AEE5719663E6}"
EndProject
Project("{FAE04EC0-301F-11D3-BF4B-00C04F79EFBC}") = "Words.WpfAppl", "Words.WpfAppl\Words.WpfAppl.csproj", "{07D50D38-A1D4-4429-BE39-274845757FFB}"
EndProject
Global
	GlobalSection(SolutionConfigurationPlatforms) = preSolution
		Debug|Any CPU = Debug|Any CPU
		Release|Any CPU = Release|Any CPU
	EndGlobalSection
	GlobalSection(ProjectConfigurationPlatforms) = postSolution
		{246FE89B-D7FA-4DD3-AB37-9E338B8E49DA}.Debug|Any CPU.ActiveCfg = Debug|Any CPU
		{246FE89B-D7FA-4DD3-AB37-9E338B8E49DA}.Debug|Any CPU.Build.0 = Debug|Any CPU
		{246FE89B-D7FA-4DD3-AB37-9E338B8E49DA}.Release|Any CPU.ActiveCfg = Release|Any CPU
		{246FE89B-D7FA-4DD3-AB37-9E338B8E49DA}.Release|Any CPU.Build.0 = Release|Any CPU
		{27646B17-C4F7-4A86-ADD0-AEE5719663E6}.Debug|Any CPU.ActiveCfg = Debug|Any CPU
		{27646B17-C4F7-4A86-ADD0-AEE5719663E6}.Debug|Any CPU.Build.0 = Debug|Any CPU
		{27646B17-C4F7-4A86-ADD0-AEE5719663E6}.Release|Any CPU.ActiveCfg = Release|Any CPU
		{27646B17-C4F7-4A86-ADD0-AEE5719663E6}.Release|Any CPU.Build.0 = Release|Any CPU
		{07D50D38-A1D4-4429-BE39-274845757FFB}.Debug|Any CPU.ActiveCfg = Debug|Any CPU
		{07D50D38-A1D4-4429-BE39-274845757FFB}.Debug|Any CPU.Build.0 = Debug|Any CPU
		{07D50D38-A1D4-4429-BE39-274845757FFB}.Release|Any CPU.ActiveCfg = Release|Any CPU
		{07D50D38-A1D4-4429-BE39-274845757FFB}.Release|Any CPU.Build.0 = Release|Any CPU
	EndGlobalSection
	GlobalSection(SolutionProperties) = preSolution
		HideSolutionNode = FALSE
	EndGlobalSection
EndGlobal
